// !$*UTF8*$!
{
	archiveVersion = 1;
	classes = {
	};
	objectVersion = 55;
	objects = {

/* Begin PBXBuildFile section */
		BC0A551128BB451700AC63CF /* UserView.swift in Sources */ = {isa = PBXBuildFile; fileRef = BC0A551028BB451700AC63CF /* UserView.swift */; };
		BC0A551328BB64DB00AC63CF /* UserLoginView.swift in Sources */ = {isa = PBXBuildFile; fileRef = BC0A551228BB64DB00AC63CF /* UserLoginView.swift */; };
		BC1ED36028B9D1CF00617144 /* GameView.swift in Sources */ = {isa = PBXBuildFile; fileRef = BC1ED35F28B9D1CF00617144 /* GameView.swift */; };
		BC1ED36328B9D66700617144 /* Modifiers.swift in Sources */ = {isa = PBXBuildFile; fileRef = BC1ED36228B9D66700617144 /* Modifiers.swift */; };
		BC1ED36528B9D82B00617144 /* PlaySound.swift in Sources */ = {isa = PBXBuildFile; fileRef = BC1ED36428B9D82B00617144 /* PlaySound.swift */; };
		BC1ED36728B9D87500617144 /* ResultModalView.swift in Sources */ = {isa = PBXBuildFile; fileRef = BC1ED36628B9D87500617144 /* ResultModalView.swift */; };
		BC1ED36928B9EC5600617144 /* GameConfig.swift in Sources */ = {isa = PBXBuildFile; fileRef = BC1ED36828B9EC5600617144 /* GameConfig.swift */; };
		BC1ED36B28B9F92400617144 /* PlayConfig.swift in Sources */ = {isa = PBXBuildFile; fileRef = BC1ED36A28B9F92400617144 /* PlayConfig.swift */; };
		BC1ED36F28BA084F00617144 /* Constants.swift in Sources */ = {isa = PBXBuildFile; fileRef = BC1ED36E28BA084F00617144 /* Constants.swift */; };
		BC1ED37128BB01D700617144 /* MenuView.swift in Sources */ = {isa = PBXBuildFile; fileRef = BC1ED37028BB01D700617144 /* MenuView.swift */; };
		BC1ED37328BB021900617144 /* MenuItemView.swift in Sources */ = {isa = PBXBuildFile; fileRef = BC1ED37228BB021900617144 /* MenuItemView.swift */; };
		BC1ED37528BB031800617144 /* ColorConstants.swift in Sources */ = {isa = PBXBuildFile; fileRef = BC1ED37428BB031800617144 /* ColorConstants.swift */; };
		BC33473628B6322E00C567BF /* CardView.swift in Sources */ = {isa = PBXBuildFile; fileRef = BC33473528B6322E00C567BF /* CardView.swift */; };
		BC33473928B7BE3000C567BF /* Card.swift in Sources */ = {isa = PBXBuildFile; fileRef = BC33473828B7BE3000C567BF /* Card.swift */; };
		BC43993D28B5073A008BB5AF /* MrFlipperApp.swift in Sources */ = {isa = PBXBuildFile; fileRef = BC43993C28B5073A008BB5AF /* MrFlipperApp.swift */; };
		BC43993F28B5073A008BB5AF /* ContentView.swift in Sources */ = {isa = PBXBuildFile; fileRef = BC43993E28B5073A008BB5AF /* ContentView.swift */; };
		BC43994128B5073B008BB5AF /* Assets.xcassets in Resources */ = {isa = PBXBuildFile; fileRef = BC43994028B5073B008BB5AF /* Assets.xcassets */; };
		BC43994428B5073B008BB5AF /* Preview Assets.xcassets in Resources */ = {isa = PBXBuildFile; fileRef = BC43994328B5073B008BB5AF /* Preview Assets.xcassets */; };
		BCB0A72028BB84110084ACFC /* UserRegisterView.swift in Sources */ = {isa = PBXBuildFile; fileRef = BCB0A71F28BB84110084ACFC /* UserRegisterView.swift */; };
		BCB0A72628BB9E380084ACFC /* User.swift in Sources */ = {isa = PBXBuildFile; fileRef = BCB0A72528BB9E380084ACFC /* User.swift */; };
		BCEAD38528B8FEFB008FE4B9 /* GameData.swift in Sources */ = {isa = PBXBuildFile; fileRef = BCEAD38428B8FEFB008FE4B9 /* GameData.swift */; };
/* End PBXBuildFile section */

/* Begin PBXFileReference section */
		BC0A551028BB451700AC63CF /* UserView.swift */ = {isa = PBXFileReference; lastKnownFileType = sourcecode.swift; path = UserView.swift; sourceTree = "<group>"; };
		BC0A551228BB64DB00AC63CF /* UserLoginView.swift */ = {isa = PBXFileReference; lastKnownFileType = sourcecode.swift; path = UserLoginView.swift; sourceTree = "<group>"; };
		BC1ED35F28B9D1CF00617144 /* GameView.swift */ = {isa = PBXFileReference; lastKnownFileType = sourcecode.swift; path = GameView.swift; sourceTree = "<group>"; };
		BC1ED36228B9D66700617144 /* Modifiers.swift */ = {isa = PBXFileReference; lastKnownFileType = sourcecode.swift; path = Modifiers.swift; sourceTree = "<group>"; };
		BC1ED36428B9D82B00617144 /* PlaySound.swift */ = {isa = PBXFileReference; lastKnownFileType = sourcecode.swift; path = PlaySound.swift; sourceTree = "<group>"; };
		BC1ED36628B9D87500617144 /* ResultModalView.swift */ = {isa = PBXFileReference; lastKnownFileType = sourcecode.swift; path = ResultModalView.swift; sourceTree = "<group>"; };
		BC1ED36828B9EC5600617144 /* GameConfig.swift */ = {isa = PBXFileReference; lastKnownFileType = sourcecode.swift; path = GameConfig.swift; sourceTree = "<group>"; };
		BC1ED36A28B9F92400617144 /* PlayConfig.swift */ = {isa = PBXFileReference; lastKnownFileType = sourcecode.swift; path = PlayConfig.swift; sourceTree = "<group>"; };
		BC1ED36E28BA084F00617144 /* Constants.swift */ = {isa = PBXFileReference; lastKnownFileType = sourcecode.swift; path = Constants.swift; sourceTree = "<group>"; };
		BC1ED37028BB01D700617144 /* MenuView.swift */ = {isa = PBXFileReference; lastKnownFileType = sourcecode.swift; path = MenuView.swift; sourceTree = "<group>"; };
		BC1ED37228BB021900617144 /* MenuItemView.swift */ = {isa = PBXFileReference; lastKnownFileType = sourcecode.swift; path = MenuItemView.swift; sourceTree = "<group>"; };
		BC1ED37428BB031800617144 /* ColorConstants.swift */ = {isa = PBXFileReference; lastKnownFileType = sourcecode.swift; path = ColorConstants.swift; sourceTree = "<group>"; };
		BC33473528B6322E00C567BF /* CardView.swift */ = {isa = PBXFileReference; lastKnownFileType = sourcecode.swift; path = CardView.swift; sourceTree = "<group>"; };
		BC33473828B7BE3000C567BF /* Card.swift */ = {isa = PBXFileReference; lastKnownFileType = sourcecode.swift; path = Card.swift; sourceTree = "<group>"; };
		BC43993928B5073A008BB5AF /* MrFlipper.app */ = {isa = PBXFileReference; explicitFileType = wrapper.application; includeInIndex = 0; path = MrFlipper.app; sourceTree = BUILT_PRODUCTS_DIR; };
		BC43993C28B5073A008BB5AF /* MrFlipperApp.swift */ = {isa = PBXFileReference; lastKnownFileType = sourcecode.swift; path = MrFlipperApp.swift; sourceTree = "<group>"; };
		BC43993E28B5073A008BB5AF /* ContentView.swift */ = {isa = PBXFileReference; lastKnownFileType = sourcecode.swift; path = ContentView.swift; sourceTree = "<group>"; };
		BC43994028B5073B008BB5AF /* Assets.xcassets */ = {isa = PBXFileReference; lastKnownFileType = folder.assetcatalog; path = Assets.xcassets; sourceTree = "<group>"; };
		BC43994328B5073B008BB5AF /* Preview Assets.xcassets */ = {isa = PBXFileReference; lastKnownFileType = folder.assetcatalog; path = "Preview Assets.xcassets"; sourceTree = "<group>"; };
		BCB0A71F28BB84110084ACFC /* UserRegisterView.swift */ = {isa = PBXFileReference; lastKnownFileType = sourcecode.swift; path = UserRegisterView.swift; sourceTree = "<group>"; };
		BCB0A72528BB9E380084ACFC /* User.swift */ = {isa = PBXFileReference; lastKnownFileType = sourcecode.swift; path = User.swift; sourceTree = "<group>"; };
		BCEAD38428B8FEFB008FE4B9 /* GameData.swift */ = {isa = PBXFileReference; lastKnownFileType = sourcecode.swift; path = GameData.swift; sourceTree = "<group>"; };
/* End PBXFileReference section */

/* Begin PBXFrameworksBuildPhase section */
		BC43993628B5073A008BB5AF /* Frameworks */ = {
			isa = PBXFrameworksBuildPhase;
			buildActionMask = 2147483647;
			files = (
			);
			runOnlyForDeploymentPostprocessing = 0;
		};
/* End PBXFrameworksBuildPhase section */

/* Begin PBXGroup section */
		BC1ED36128B9D65500617144 /* Helpers */ = {
			isa = PBXGroup;
			children = (
				BC1ED36228B9D66700617144 /* Modifiers.swift */,
				BC1ED36428B9D82B00617144 /* PlaySound.swift */,
			);
			path = Helpers;
			sourceTree = "<group>";
		};
		BC33473228B6320700C567BF /* Views */ = {
			isa = PBXGroup;
			children = (
				BC43993E28B5073A008BB5AF /* ContentView.swift */,
				BC33473528B6322E00C567BF /* CardView.swift */,
				BC1ED35F28B9D1CF00617144 /* GameView.swift */,
				BC1ED36628B9D87500617144 /* ResultModalView.swift */,
				BC1ED37028BB01D700617144 /* MenuView.swift */,
				BC1ED37228BB021900617144 /* MenuItemView.swift */,
				BC0A551028BB451700AC63CF /* UserView.swift */,
				BC0A551228BB64DB00AC63CF /* UserLoginView.swift */,
				BCB0A71F28BB84110084ACFC /* UserRegisterView.swift */,
			);
			path = Views;
			sourceTree = "<group>";
		};
		BC33473728B6338500C567BF /* Models */ = {
			isa = PBXGroup;
			children = (
				BC33473828B7BE3000C567BF /* Card.swift */,
				BCEAD38428B8FEFB008FE4B9 /* GameData.swift */,
				BC1ED36828B9EC5600617144 /* GameConfig.swift */,
				BC1ED36A28B9F92400617144 /* PlayConfig.swift */,
				BC1ED36E28BA084F00617144 /* Constants.swift */,
				BC1ED37428BB031800617144 /* ColorConstants.swift */,
				BCB0A72528BB9E380084ACFC /* User.swift */,
			);
			path = Models;
			sourceTree = "<group>";
		};
		BC43993028B50739008BB5AF = {
			isa = PBXGroup;
			children = (
				BC43993B28B5073A008BB5AF /* MrFlipper */,
				BC43993A28B5073A008BB5AF /* Products */,
			);
			sourceTree = "<group>";
		};
		BC43993A28B5073A008BB5AF /* Products */ = {
			isa = PBXGroup;
			children = (
				BC43993928B5073A008BB5AF /* MrFlipper.app */,
			);
			name = Products;
			sourceTree = "<group>";
		};
		BC43993B28B5073A008BB5AF /* MrFlipper */ = {
			isa = PBXGroup;
			children = (
				BC1ED36128B9D65500617144 /* Helpers */,
				BC33473728B6338500C567BF /* Models */,
				BC33473228B6320700C567BF /* Views */,
				BC43993C28B5073A008BB5AF /* MrFlipperApp.swift */,
				BC43994028B5073B008BB5AF /* Assets.xcassets */,
				BC43994228B5073B008BB5AF /* Preview Content */,
			);
			path = MrFlipper;
			sourceTree = "<group>";
		};
		BC43994228B5073B008BB5AF /* Preview Content */ = {
			isa = PBXGroup;
			children = (
				BC43994328B5073B008BB5AF /* Preview Assets.xcassets */,
			);
			path = "Preview Content";
			sourceTree = "<group>";
		};
/* End PBXGroup section */

/* Begin PBXNativeTarget section */
		BC43993828B5073A008BB5AF /* MrFlipper */ = {
			isa = PBXNativeTarget;
			buildConfigurationList = BC43994728B5073B008BB5AF /* Build configuration list for PBXNativeTarget "MrFlipper" */;
			buildPhases = (
				BC43993528B5073A008BB5AF /* Sources */,
				BC43993628B5073A008BB5AF /* Frameworks */,
				BC43993728B5073A008BB5AF /* Resources */,
			);
			buildRules = (
			);
			dependencies = (
			);
			name = MrFlipper;
			productName = MrFlipper;
			productReference = BC43993928B5073A008BB5AF /* MrFlipper.app */;
			productType = "com.apple.product-type.application";
		};
/* End PBXNativeTarget section */

/* Begin PBXProject section */
		BC43993128B50739008BB5AF /* Project object */ = {
			isa = PBXProject;
			attributes = {
				BuildIndependentTargetsInParallel = 1;
				LastSwiftUpdateCheck = 1340;
				LastUpgradeCheck = 1340;
				TargetAttributes = {
					BC43993828B5073A008BB5AF = {
						CreatedOnToolsVersion = 13.4.1;
					};
				};
			};
			buildConfigurationList = BC43993428B50739008BB5AF /* Build configuration list for PBXProject "MrFlipper" */;
			compatibilityVersion = "Xcode 13.0";
			developmentRegion = en;
			hasScannedForEncodings = 0;
			knownRegions = (
				en,
				Base,
			);
			mainGroup = BC43993028B50739008BB5AF;
			productRefGroup = BC43993A28B5073A008BB5AF /* Products */;
			projectDirPath = "";
			projectRoot = "";
			targets = (
				BC43993828B5073A008BB5AF /* MrFlipper */,
			);
		};
/* End PBXProject section */

/* Begin PBXResourcesBuildPhase section */
		BC43993728B5073A008BB5AF /* Resources */ = {
			isa = PBXResourcesBuildPhase;
			buildActionMask = 2147483647;
			files = (
				BC43994428B5073B008BB5AF /* Preview Assets.xcassets in Resources */,
				BC43994128B5073B008BB5AF /* Assets.xcassets in Resources */,
			);
			runOnlyForDeploymentPostprocessing = 0;
		};
/* End PBXResourcesBuildPhase section */

/* Begin PBXSourcesBuildPhase section */
		BC43993528B5073A008BB5AF /* Sources */ = {
			isa = PBXSourcesBuildPhase;
			buildActionMask = 2147483647;
			files = (
				BC43993F28B5073A008BB5AF /* ContentView.swift in Sources */,
				BC1ED36928B9EC5600617144 /* GameConfig.swift in Sources */,
				BC1ED36728B9D87500617144 /* ResultModalView.swift in Sources */,
				BC0A551328BB64DB00AC63CF /* UserLoginView.swift in Sources */,
				BC0A551128BB451700AC63CF /* UserView.swift in Sources */,
				BC1ED37528BB031800617144 /* ColorConstants.swift in Sources */,
				BCB0A72028BB84110084ACFC /* UserRegisterView.swift in Sources */,
				BC1ED36528B9D82B00617144 /* PlaySound.swift in Sources */,
				BC1ED37328BB021900617144 /* MenuItemView.swift in Sources */,
				BCEAD38528B8FEFB008FE4B9 /* GameData.swift in Sources */,
				BC1ED36328B9D66700617144 /* Modifiers.swift in Sources */,
				BC33473628B6322E00C567BF /* CardView.swift in Sources */,
				BC1ED37128BB01D700617144 /* MenuView.swift in Sources */,
				BC43993D28B5073A008BB5AF /* MrFlipperApp.swift in Sources */,
				BC1ED36B28B9F92400617144 /* PlayConfig.swift in Sources */,
				BC1ED36028B9D1CF00617144 /* GameView.swift in Sources */,
				BC33473928B7BE3000C567BF /* Card.swift in Sources */,
				BC1ED36F28BA084F00617144 /* Constants.swift in Sources */,
				BCB0A72628BB9E380084ACFC /* User.swift in Sources */,
			);
			runOnlyForDeploymentPostprocessing = 0;
		};
/* End PBXSourcesBuildPhase section */

/* Begin XCBuildConfiguration section */
		BC43994528B5073B008BB5AF /* Debug */ = {
			isa = XCBuildConfiguration;
			buildSettings = {
				ALWAYS_SEARCH_USER_PATHS = NO;
				CLANG_ANALYZER_NONNULL = YES;
				CLANG_ANALYZER_NUMBER_OBJECT_CONVERSION = YES_AGGRESSIVE;
				CLANG_CXX_LANGUAGE_STANDARD = "gnu++17";
				CLANG_ENABLE_MODULES = YES;
				CLANG_ENABLE_OBJC_ARC = YES;
				CLANG_ENABLE_OBJC_WEAK = YES;
				CLANG_WARN_BLOCK_CAPTURE_AUTORELEASING = YES;
				CLANG_WARN_BOOL_CONVERSION = YES;
				CLANG_WARN_COMMA = YES;
				CLANG_WARN_CONSTANT_CONVERSION = YES;
				CLANG_WARN_DEPRECATED_OBJC_IMPLEMENTATIONS = YES;
				CLANG_WARN_DIRECT_OBJC_ISA_USAGE = YES_ERROR;
				CLANG_WARN_DOCUMENTATION_COMMENTS = YES;
				CLANG_WARN_EMPTY_BODY = YES;
				CLANG_WARN_ENUM_CONVERSION = YES;
				CLANG_WARN_INFINITE_RECURSION = YES;
				CLANG_WARN_INT_CONVERSION = YES;
				CLANG_WARN_NON_LITERAL_NULL_CONVERSION = YES;
				CLANG_WARN_OBJC_IMPLICIT_RETAIN_SELF = YES;
				CLANG_WARN_OBJC_LITERAL_CONVERSION = YES;
				CLANG_WARN_OBJC_ROOT_CLASS = YES_ERROR;
				CLANG_WARN_QUOTED_INCLUDE_IN_FRAMEWORK_HEADER = YES;
				CLANG_WARN_RANGE_LOOP_ANALYSIS = YES;
				CLANG_WARN_STRICT_PROTOTYPES = YES;
				CLANG_WARN_SUSPICIOUS_MOVE = YES;
				CLANG_WARN_UNGUARDED_AVAILABILITY = YES_AGGRESSIVE;
				CLANG_WARN_UNREACHABLE_CODE = YES;
				CLANG_WARN__DUPLICATE_METHOD_MATCH = YES;
				COPY_PHASE_STRIP = NO;
				DEBUG_INFORMATION_FORMAT = dwarf;
				ENABLE_STRICT_OBJC_MSGSEND = YES;
				ENABLE_TESTABILITY = YES;
				GCC_C_LANGUAGE_STANDARD = gnu11;
				GCC_DYNAMIC_NO_PIC = NO;
				GCC_NO_COMMON_BLOCKS = YES;
				GCC_OPTIMIZATION_LEVEL = 0;
				GCC_PREPROCESSOR_DEFINITIONS = (
					"DEBUG=1",
					"$(inherited)",
				);
				GCC_WARN_64_TO_32_BIT_CONVERSION = YES;
				GCC_WARN_ABOUT_RETURN_TYPE = YES_ERROR;
				GCC_WARN_UNDECLARED_SELECTOR = YES;
				GCC_WARN_UNINITIALIZED_AUTOS = YES_AGGRESSIVE;
				GCC_WARN_UNUSED_FUNCTION = YES;
				GCC_WARN_UNUSED_VARIABLE = YES;
				IPHONEOS_DEPLOYMENT_TARGET = 15.5;
				MTL_ENABLE_DEBUG_INFO = INCLUDE_SOURCE;
				MTL_FAST_MATH = YES;
				ONLY_ACTIVE_ARCH = YES;
				SDKROOT = iphoneos;
				SWIFT_ACTIVE_COMPILATION_CONDITIONS = DEBUG;
				SWIFT_OPTIMIZATION_LEVEL = "-Onone";
			};
			name = Debug;
		};
		BC43994628B5073B008BB5AF /* Release */ = {
			isa = XCBuildConfiguration;
			buildSettings = {
				ALWAYS_SEARCH_USER_PATHS = NO;
				CLANG_ANALYZER_NONNULL = YES;
				CLANG_ANALYZER_NUMBER_OBJECT_CONVERSION = YES_AGGRESSIVE;
				CLANG_CXX_LANGUAGE_STANDARD = "gnu++17";
				CLANG_ENABLE_MODULES = YES;
				CLANG_ENABLE_OBJC_ARC = YES;
				CLANG_ENABLE_OBJC_WEAK = YES;
				CLANG_WARN_BLOCK_CAPTURE_AUTORELEASING = YES;
				CLANG_WARN_BOOL_CONVERSION = YES;
				CLANG_WARN_COMMA = YES;
				CLANG_WARN_CONSTANT_CONVERSION = YES;
				CLANG_WARN_DEPRECATED_OBJC_IMPLEMENTATIONS = YES;
				CLANG_WARN_DIRECT_OBJC_ISA_USAGE = YES_ERROR;
				CLANG_WARN_DOCUMENTATION_COMMENTS = YES;
				CLANG_WARN_EMPTY_BODY = YES;
				CLANG_WARN_ENUM_CONVERSION = YES;
				CLANG_WARN_INFINITE_RECURSION = YES;
				CLANG_WARN_INT_CONVERSION = YES;
				CLANG_WARN_NON_LITERAL_NULL_CONVERSION = YES;
				CLANG_WARN_OBJC_IMPLICIT_RETAIN_SELF = YES;
				CLANG_WARN_OBJC_LITERAL_CONVERSION = YES;
				CLANG_WARN_OBJC_ROOT_CLASS = YES_ERROR;
				CLANG_WARN_QUOTED_INCLUDE_IN_FRAMEWORK_HEADER = YES;
				CLANG_WARN_RANGE_LOOP_ANALYSIS = YES;
				CLANG_WARN_STRICT_PROTOTYPES = YES;
				CLANG_WARN_SUSPICIOUS_MOVE = YES;
				CLANG_WARN_UNGUARDED_AVAILABILITY = YES_AGGRESSIVE;
				CLANG_WARN_UNREACHABLE_CODE = YES;
				CLANG_WARN__DUPLICATE_METHOD_MATCH = YES;
				COPY_PHASE_STRIP = NO;
				DEBUG_INFORMATION_FORMAT = "dwarf-with-dsym";
				ENABLE_NS_ASSERTIONS = NO;
				ENABLE_STRICT_OBJC_MSGSEND = YES;
				GCC_C_LANGUAGE_STANDARD = gnu11;
				GCC_NO_COMMON_BLOCKS = YES;
				GCC_WARN_64_TO_32_BIT_CONVERSION = YES;
				GCC_WARN_ABOUT_RETURN_TYPE = YES_ERROR;
				GCC_WARN_UNDECLARED_SELECTOR = YES;
				GCC_WARN_UNINITIALIZED_AUTOS = YES_AGGRESSIVE;
				GCC_WARN_UNUSED_FUNCTION = YES;
				GCC_WARN_UNUSED_VARIABLE = YES;
				IPHONEOS_DEPLOYMENT_TARGET = 15.5;
				MTL_ENABLE_DEBUG_INFO = NO;
				MTL_FAST_MATH = YES;
				SDKROOT = iphoneos;
				SWIFT_COMPILATION_MODE = wholemodule;
				SWIFT_OPTIMIZATION_LEVEL = "-O";
				VALIDATE_PRODUCT = YES;
			};
			name = Release;
		};
		BC43994828B5073B008BB5AF /* Debug */ = {
			isa = XCBuildConfiguration;
			buildSettings = {
				ASSETCATALOG_COMPILER_APPICON_NAME = AppIcon;
				ASSETCATALOG_COMPILER_GLOBAL_ACCENT_COLOR_NAME = AccentColor;
				CODE_SIGN_STYLE = Automatic;
				CURRENT_PROJECT_VERSION = 1;
				DEVELOPMENT_ASSET_PATHS = "\"MrFlipper/Preview Content\"";
				ENABLE_PREVIEWS = YES;
				GENERATE_INFOPLIST_FILE = YES;
				INFOPLIST_KEY_UIApplicationSceneManifest_Generation = YES;
				INFOPLIST_KEY_UIApplicationSupportsIndirectInputEvents = YES;
				INFOPLIST_KEY_UILaunchScreen_Generation = YES;
				INFOPLIST_KEY_UISupportedInterfaceOrientations_iPad = "UIInterfaceOrientationPortrait UIInterfaceOrientationPortraitUpsideDown UIInterfaceOrientationLandscapeLeft UIInterfaceOrientationLandscapeRight";
				INFOPLIST_KEY_UISupportedInterfaceOrientations_iPhone = "UIInterfaceOrientationPortrait UIInterfaceOrientationLandscapeLeft UIInterfaceOrientationLandscapeRight";
				LD_RUNPATH_SEARCH_PATHS = (
					"$(inherited)",
					"@executable_path/Frameworks",
				);
				MARKETING_VERSION = 1.0;
				PRODUCT_BUNDLE_IDENTIFIER = vn.edu.rmit.henry.MrFlipper;
				PRODUCT_NAME = "$(TARGET_NAME)";
				SWIFT_EMIT_LOC_STRINGS = YES;
				SWIFT_VERSION = 5.0;
				TARGETED_DEVICE_FAMILY = "1,2";
			};
			name = Debug;
		};
		BC43994928B5073B008BB5AF /* Release */ = {
			isa = XCBuildConfiguration;
			buildSettings = {
				ASSETCATALOG_COMPILER_APPICON_NAME = AppIcon;
				ASSETCATALOG_COMPILER_GLOBAL_ACCENT_COLOR_NAME = AccentColor;
				CODE_SIGN_STYLE = Automatic;
				CURRENT_PROJECT_VERSION = 1;
				DEVELOPMENT_ASSET_PATHS = "\"MrFlipper/Preview Content\"";
				ENABLE_PREVIEWS = YES;
				GENERATE_INFOPLIST_FILE = YES;
				INFOPLIST_KEY_UIApplicationSceneManifest_Generation = YES;
				INFOPLIST_KEY_UIApplicationSupportsIndirectInputEvents = YES;
				INFOPLIST_KEY_UILaunchScreen_Generation = YES;
				INFOPLIST_KEY_UISupportedInterfaceOrientations_iPad = "UIInterfaceOrientationPortrait UIInterfaceOrientationPortraitUpsideDown UIInterfaceOrientationLandscapeLeft UIInterfaceOrientationLandscapeRight";
				INFOPLIST_KEY_UISupportedInterfaceOrientations_iPhone = "UIInterfaceOrientationPortrait UIInterfaceOrientationLandscapeLeft UIInterfaceOrientationLandscapeRight";
				LD_RUNPATH_SEARCH_PATHS = (
					"$(inherited)",
					"@executable_path/Frameworks",
				);
				MARKETING_VERSION = 1.0;
				PRODUCT_BUNDLE_IDENTIFIER = vn.edu.rmit.henry.MrFlipper;
				PRODUCT_NAME = "$(TARGET_NAME)";
				SWIFT_EMIT_LOC_STRINGS = YES;
				SWIFT_VERSION = 5.0;
				TARGETED_DEVICE_FAMILY = "1,2";
			};
			name = Release;
		};
/* End XCBuildConfiguration section */

/* Begin XCConfigurationList section */
		BC43993428B50739008BB5AF /* Build configuration list for PBXProject "MrFlipper" */ = {
			isa = XCConfigurationList;
			buildConfigurations = (
				BC43994528B5073B008BB5AF /* Debug */,
				BC43994628B5073B008BB5AF /* Release */,
			);
			defaultConfigurationIsVisible = 0;
			defaultConfigurationName = Release;
		};
		BC43994728B5073B008BB5AF /* Build configuration list for PBXNativeTarget "MrFlipper" */ = {
			isa = XCConfigurationList;
			buildConfigurations = (
				BC43994828B5073B008BB5AF /* Debug */,
				BC43994928B5073B008BB5AF /* Release */,
			);
			defaultConfigurationIsVisible = 0;
			defaultConfigurationName = Release;
		};
/* End XCConfigurationList section */
	};
	rootObject = BC43993128B50739008BB5AF /* Project object */;
}
